
Microsoft Visual Studio Solution File, Format Version 12.00
# Visual Studio 14
VisualStudioVersion = 14.0.23107.0
MinimumVisualStudioVersion = 10.0.40219.1
Project("{FAE04EC0-301F-11D3-BF4B-00C04F79EFBC}") = "Practical 8.2 Petrol Bots", "Practical 8.2 Petrol Bots\Practical 8.2 Petrol Bots.csproj", "{F9414F78-653B-4BDB-88D5-F80598051D24}"
EndProject
Global
	GlobalSection(SolutionConfigurationPlatforms) = preSolution
		Debug|Any CPU = Debug|Any CPU
		Release|Any CPU = Release|Any CPU
	EndGlobalSection
	GlobalSection(ProjectConfigurationPlatforms) = postSolution
		{F9414F78-653B-4BDB-88D5-F80598051D24}.Debug|Any CPU.ActiveCfg = Debug|Any CPU
		{F9414F78-653B-4BDB-88D5-F80598051D24}.Debug|Any CPU.Build.0 = Debug|Any CPU
		{F9414F78-653B-4BDB-88D5-F80598051D24}.Release|Any CPU.ActiveCfg = Release|Any CPU
		{F9414F78-653B-4BDB-88D5-F80598051D24}.Release|Any CPU.Build.0 = Release|Any CPU
	EndGlobalSection
	GlobalSection(SolutionProperties) = preSolution
		HideSolutionNode = FALSE
	EndGlobalSection
EndGlobal
